// !$*UTF8*$!
{
	archiveVersion = 1;
	classes = {
	};
	objectVersion = 46;
	objects = {

/* Begin PBXBuildFile section */
		C5C6BF491F0A112400E4C621 /* main.m in Sources */ = {isa = PBXBuildFile; fileRef = C5C6BF481F0A112400E4C621 /* main.m */; };
		C5C6BF4C1F0A112400E4C621 /* AppDelegate.m in Sources */ = {isa = PBXBuildFile; fileRef = C5C6BF4B1F0A112400E4C621 /* AppDelegate.m */; };
		C5C6BF4F1F0A112400E4C621 /* ViewController.m in Sources */ = {isa = PBXBuildFile; fileRef = C5C6BF4E1F0A112400E4C621 /* ViewController.m */; };
		C5C6BF521F0A112400E4C621 /* Main.storyboard in Resources */ = {isa = PBXBuildFile; fileRef = C5C6BF501F0A112400E4C621 /* Main.storyboard */; };
		C5C6BF541F0A112400E4C621 /* Assets.xcassets in Resources */ = {isa = PBXBuildFile; fileRef = C5C6BF531F0A112400E4C621 /* Assets.xcassets */; };
		C5C6BF571F0A112400E4C621 /* LaunchScreen.storyboard in Resources */ = {isa = PBXBuildFile; fileRef = C5C6BF551F0A112400E4C621 /* LaunchScreen.storyboard */; };
		C5C6BF621F0A112400E4C621 /* SDEditPictureTests.m in Sources */ = {isa = PBXBuildFile; fileRef = C5C6BF611F0A112400E4C621 /* SDEditPictureTests.m */; };
/* End PBXBuildFile section */

/* Begin PBXContainerItemProxy section */
		C5C6BF5E1F0A112400E4C621 /* PBXContainerItemProxy */ = {
			isa = PBXContainerItemProxy;
			containerPortal = C5C6BF3C1F0A112400E4C621 /* Project object */;
			proxyType = 1;
			remoteGlobalIDString = C5C6BF431F0A112400E4C621;
			remoteInfo = SDEditPicture;
		};
/* End PBXContainerItemProxy section */

/* Begin PBXFileReference section */
		C5C6BF441F0A112400E4C621 /* SDEditPicture.app */ = {isa = PBXFileReference; explicitFileType = wrapper.application; includeInIndex = 0; path = SDEditPicture.app; sourceTree = BUILT_PRODUCTS_DIR; };
		C5C6BF481F0A112400E4C621 /* main.m */ = {isa = PBXFileReference; lastKnownFileType = sourcecode.c.objc; path = main.m; sourceTree = "<group>"; };
		C5C6BF4A1F0A112400E4C621 /* AppDelegate.h */ = {isa = PBXFileReference; lastKnownFileType = sourcecode.c.h; path = AppDelegate.h; sourceTree = "<group>"; };
		C5C6BF4B1F0A112400E4C621 /* AppDelegate.m */ = {isa = PBXFileReference; lastKnownFileType = sourcecode.c.objc; path = AppDelegate.m; sourceTree = "<group>"; };
		C5C6BF4D1F0A112400E4C621 /* ViewController.h */ = {isa = PBXFileReference; lastKnownFileType = sourcecode.c.h; path = ViewController.h; sourceTree = "<group>"; };
		C5C6BF4E1F0A112400E4C621 /* ViewController.m */ = {isa = PBXFileReference; lastKnownFileType = sourcecode.c.objc; path = ViewController.m; sourceTree = "<group>"; };
		C5C6BF511F0A112400E4C621 /* Base */ = {isa = PBXFileReference; lastKnownFileType = file.storyboard; name = Base; path = Base.lproj/Main.storyboard; sourceTree = "<group>"; };
		C5C6BF531F0A112400E4C621 /* Assets.xcassets */ = {isa = PBXFileReference; lastKnownFileType = folder.assetcatalog; path = Assets.xcassets; sourceTree = "<group>"; };
		C5C6BF561F0A112400E4C621 /* Base */ = {isa = PBXFileReference; lastKnownFileType = file.storyboard; name = Base; path = Base.lproj/LaunchScreen.storyboard; sourceTree = "<group>"; };
		C5C6BF581F0A112400E4C621 /* Info.plist */ = {isa = PBXFileReference; lastKnownFileType = text.plist.xml; path = Info.plist; sourceTree = "<group>"; };
		C5C6BF5D1F0A112400E4C621 /* SDEditPictureTests.xctest */ = {isa = PBXFileReference; explicitFileType = wrapper.cfbundle; includeInIndex = 0; path = SDEditPictureTests.xctest; sourceTree = BUILT_PRODUCTS_DIR; };
		C5C6BF611F0A112400E4C621 /* SDEditPictureTests.m */ = {isa = PBXFileReference; lastKnownFileType = sourcecode.c.objc; path = SDEditPictureTests.m; sourceTree = "<group>"; };
		C5C6BF631F0A112400E4C621 /* Info.plist */ = {isa = PBXFileReference; lastKnownFileType = text.plist.xml; path = Info.plist; sourceTree = "<group>"; };
/* End PBXFileReference section */

/* Begin PBXFrameworksBuildPhase section */
		C5C6BF411F0A112400E4C621 /* Frameworks */ = {
			isa = PBXFrameworksBuildPhase;
			buildActionMask = 2147483647;
			files = (
			);
			runOnlyForDeploymentPostprocessing = 0;
		};
		C5C6BF5A1F0A112400E4C621 /* Frameworks */ = {
			isa = PBXFrameworksBuildPhase;
			buildActionMask = 2147483647;
			files = (
			);
			runOnlyForDeploymentPostprocessing = 0;
		};
/* End PBXFrameworksBuildPhase section */

/* Begin PBXGroup section */
		C5C6BF3B1F0A112400E4C621 = {
			isa = PBXGroup;
			children = (
				C5C6BF461F0A112400E4C621 /* SDEditPicture */,
				C5C6BF601F0A112400E4C621 /* SDEditPictureTests */,
				C5C6BF451F0A112400E4C621 /* Products */,
			);
			sourceTree = "<group>";
		};
		C5C6BF451F0A112400E4C621 /* Products */ = {
			isa = PBXGroup;
			children = (
				C5C6BF441F0A112400E4C621 /* SDEditPicture.app */,
				C5C6BF5D1F0A112400E4C621 /* SDEditPictureTests.xctest */,
			);
			name = Products;
			sourceTree = "<group>";
		};
		C5C6BF461F0A112400E4C621 /* SDEditPicture */ = {
			isa = PBXGroup;
			children = (
				C5C6BF4A1F0A112400E4C621 /* AppDelegate.h */,
				C5C6BF4B1F0A112400E4C621 /* AppDelegate.m */,
				C5C6BF4D1F0A112400E4C621 /* ViewController.h */,
				C5C6BF4E1F0A112400E4C621 /* ViewController.m */,
				C5C6BF501F0A112400E4C621 /* Main.storyboard */,
				C5C6BF531F0A112400E4C621 /* Assets.xcassets */,
				C5C6BF551F0A112400E4C621 /* LaunchScreen.storyboard */,
				C5C6BF581F0A112400E4C621 /* Info.plist */,
				C5C6BF471F0A112400E4C621 /* Supporting Files */,
			);
			path = SDEditPicture;
			sourceTree = "<group>";
		};
		C5C6BF471F0A112400E4C621 /* Supporting Files */ = {
			isa = PBXGroup;
			children = (
				C5C6BF481F0A112400E4C621 /* main.m */,
			);
			name = "Supporting Files";
			sourceTree = "<group>";
		};
		C5C6BF601F0A112400E4C621 /* SDEditPictureTests */ = {
			isa = PBXGroup;
			children = (
				C5C6BF611F0A112400E4C621 /* SDEditPictureTests.m */,
				C5C6BF631F0A112400E4C621 /* Info.plist */,
			);
			path = SDEditPictureTests;
			sourceTree = "<group>";
		};
/* End PBXGroup section */

/* Begin PBXNativeTarget section */
		C5C6BF431F0A112400E4C621 /* SDEditPicture */ = {
			isa = PBXNativeTarget;
			buildConfigurationList = C5C6BF661F0A112400E4C621 /* Build configuration list for PBXNativeTarget "SDEditPicture" */;
			buildPhases = (
				C5C6BF401F0A112400E4C621 /* Sources */,
				C5C6BF411F0A112400E4C621 /* Frameworks */,
				C5C6BF421F0A112400E4C621 /* Resources */,
			);
			buildRules = (
			);
			dependencies = (
			);
			name = SDEditPicture;
			productName = SDEditPicture;
			productReference = C5C6BF441F0A112400E4C621 /* SDEditPicture.app */;
			productType = "com.apple.product-type.application";
		};
		C5C6BF5C1F0A112400E4C621 /* SDEditPictureTests */ = {
			isa = PBXNativeTarget;
			buildConfigurationList = C5C6BF691F0A112400E4C621 /* Build configuration list for PBXNativeTarget "SDEditPictureTests" */;
			buildPhases = (
				C5C6BF591F0A112400E4C621 /* Sources */,
				C5C6BF5A1F0A112400E4C621 /* Frameworks */,
				C5C6BF5B1F0A112400E4C621 /* Resources */,
			);
			buildRules = (
			);
			dependencies = (
				C5C6BF5F1F0A112400E4C621 /* PBXTargetDependency */,
			);
			name = SDEditPictureTests;
			productName = SDEditPictureTests;
			productReference = C5C6BF5D1F0A112400E4C621 /* SDEditPictureTests.xctest */;
			productType = "com.apple.product-type.bundle.unit-test";
		};
/* End PBXNativeTarget section */

/* Begin PBXProject section */
		C5C6BF3C1F0A112400E4C621 /* Project object */ = {
			isa = PBXProject;
			attributes = {
				LastUpgradeCheck = 0830;
				ORGANIZATIONNAME = shansander;
				TargetAttributes = {
					C5C6BF431F0A112400E4C621 = {
						CreatedOnToolsVersion = 8.3.3;
						DevelopmentTeam = 778546W9LD;
						ProvisioningStyle = Automatic;
					};
					C5C6BF5C1F0A112400E4C621 = {
						CreatedOnToolsVersion = 8.3.3;
						DevelopmentTeam = 778546W9LD;
						ProvisioningStyle = Automatic;
						TestTargetID = C5C6BF431F0A112400E4C621;
					};
				};
			};
			buildConfigurationList = C5C6BF3F1F0A112400E4C621 /* Build configuration list for PBXProject "SDEditPicture" */;
			compatibilityVersion = "Xcode 3.2";
			developmentRegion = English;
			hasScannedForEncodings = 0;
			knownRegions = (
				en,
				Base,
			);
			mainGroup = C5C6BF3B1F0A112400E4C621;
			productRefGroup = C5C6BF451F0A112400E4C621 /* Products */;
			projectDirPath = "";
			projectRoot = "";
			targets = (
				C5C6BF431F0A112400E4C621 /* SDEditPicture */,
				C5C6BF5C1F0A112400E4C621 /* SDEditPictureTests */,
			);
		};
/* End PBXProject section */

/* Begin PBXResourcesBuildPhase section */
		C5C6BF421F0A112400E4C621 /* Resources */ = {
			isa = PBXResourcesBuildPhase;
			buildActionMask = 2147483647;
			files = (
				C5C6BF571F0A112400E4C621 /* LaunchScreen.storyboard in Resources */,
				C5C6BF541F0A112400E4C621 /* Assets.xcassets in Resources */,
				C5C6BF521F0A112400E4C621 /* Main.storyboard in Resources */,
			);
			runOnlyForDeploymentPostprocessing = 0;
		};
		C5C6BF5B1F0A112400E4C621 /* Resources */ = {
			isa = PBXResourcesBuildPhase;
			buildActionMask = 2147483647;
			files = (
			);
			runOnlyForDeploymentPostprocessing = 0;
		};
/* End PBXResourcesBuildPhase section */

/* Begin PBXSourcesBuildPhase section */
		C5C6BF401F0A112400E4C621 /* Sources */ = {
			isa = PBXSourcesBuildPhase;
			buildActionMask = 2147483647;
			files = (
				C5C6BF4F1F0A112400E4C621 /* ViewController.m in Sources */,
				C5C6BF4C1F0A112400E4C621 /* AppDelegate.m in Sources */,
				C5C6BF491F0A112400E4C621 /* main.m in Sources */,
			);
			runOnlyForDeploymentPostprocessing = 0;
		};
		C5C6BF591F0A112400E4C621 /* Sources */ = {
			isa = PBXSourcesBuildPhase;
			buildActionMask = 2147483647;
			files = (
				C5C6BF621F0A112400E4C621 /* SDEditPictureTests.m in Sources */,
			);
			runOnlyForDeploymentPostprocessing = 0;
		};
/* End PBXSourcesBuildPhase section */

/* Begin PBXTargetDependency section */
		C5C6BF5F1F0A112400E4C621 /* PBXTargetDependency */ = {
			isa = PBXTargetDependency;
			target = C5C6BF431F0A112400E4C621 /* SDEditPicture */;
			targetProxy = C5C6BF5E1F0A112400E4C621 /* PBXContainerItemProxy */;
		};
/* End PBXTargetDependency section */

/* Begin PBXVariantGroup section */
		C5C6BF501F0A112400E4C621 /* Main.storyboard */ = {
			isa = PBXVariantGroup;
			children = (
				C5C6BF511F0A112400E4C621 /* Base */,
			);
			name = Main.storyboard;
			sourceTree = "<group>";
		};
		C5C6BF551F0A112400E4C621 /* LaunchScreen.storyboard */ = {
			isa = PBXVariantGroup;
			children = (
				C5C6BF561F0A112400E4C621 /* Base */,
			);
			name = LaunchScreen.storyboard;
			sourceTree = "<group>";
		};
/* End PBXVariantGroup section */

/* Begin XCBuildConfiguration section */
		C5C6BF641F0A112400E4C621 /* Debug */ = {
			isa = XCBuildConfiguration;
			buildSettings = {
				ALWAYS_SEARCH_USER_PATHS = NO;
				CLANG_ANALYZER_NONNULL = YES;
				CLANG_ANALYZER_NUMBER_OBJECT_CONVERSION = YES_AGGRESSIVE;
				CLANG_CXX_LANGUAGE_STANDARD = "gnu++0x";
				CLANG_CXX_LIBRARY = "libc++";
				CLANG_ENABLE_MODULES = YES;
				CLANG_ENABLE_OBJC_ARC = YES;
				CLANG_WARN_BOOL_CONVERSION = YES;
				CLANG_WARN_CONSTANT_CONVERSION = YES;
				CLANG_WARN_DIRECT_OBJC_ISA_USAGE = YES_ERROR;
				CLANG_WARN_DOCUMENTATION_COMMENTS = YES;
				CLANG_WARN_EMPTY_BODY = YES;
				CLANG_WARN_ENUM_CONVERSION = YES;
				CLANG_WARN_INFINITE_RECURSION = YES;
				CLANG_WARN_INT_CONVERSION = YES;
				CLANG_WARN_OBJC_ROOT_CLASS = YES_ERROR;
				CLANG_WARN_SUSPICIOUS_MOVE = YES;
				CLANG_WARN_UNREACHABLE_CODE = YES;
				CLANG_WARN__DUPLICATE_METHOD_MATCH = YES;
				"CODE_SIGN_IDENTITY[sdk=iphoneos*]" = "iPhone Developer";
				COPY_PHASE_STRIP = NO;
				DEBUG_INFORMATION_FORMAT = dwarf;
				ENABLE_STRICT_OBJC_MSGSEND = YES;
				ENABLE_TESTABILITY = YES;
				GCC_C_LANGUAGE_STANDARD = gnu99;
				GCC_DYNAMIC_NO_PIC = NO;
				GCC_NO_COMMON_BLOCKS = YES;
				GCC_OPTIMIZATION_LEVEL = 0;
				GCC_PREPROCESSOR_DEFINITIONS = (
					"DEBUG=1",
					"$(inherited)",
				);
				GCC_WARN_64_TO_32_BIT_CONVERSION = YES;
				GCC_WARN_ABOUT_RETURN_TYPE = YES_ERROR;
				GCC_WARN_UNDECLARED_SELECTOR = YES;
				GCC_WARN_UNINITIALIZED_AUTOS = YES_AGGRESSIVE;
				GCC_WARN_UNUSED_FUNCTION = YES;
				GCC_WARN_UNUSED_VARIABLE = YES;
				IPHONEOS_DEPLOYMENT_TARGET = 10.3;
				MTL_ENABLE_DEBUG_INFO = YES;
				ONLY_ACTIVE_ARCH = YES;
				SDKROOT = iphoneos;
			};
			name = Debug;
		};
		C5C6BF651F0A112400E4C621 /* Release */ = {
			isa = XCBuildConfiguration;
			buildSettings = {
				ALWAYS_SEARCH_USER_PATHS = NO;
				CLANG_ANALYZER_NONNULL = YES;
				CLANG_ANALYZER_NUMBER_OBJECT_CONVERSION = YES_AGGRESSIVE;
				CLANG_CXX_LANGUAGE_STANDARD = "gnu++0x";
				CLANG_CXX_LIBRARY = "libc++";
				CLANG_ENABLE_MODULES = YES;
				CLANG_ENABLE_OBJC_ARC = YES;
				CLANG_WARN_BOOL_CONVERSION = YES;
				CLANG_WARN_CONSTANT_CONVERSION = YES;
				CLANG_WARN_DIRECT_OBJC_ISA_USAGE = YES_ERROR;
				CLANG_WARN_DOCUMENTATION_COMMENTS = YES;
				CLANG_WARN_EMPTY_BODY = YES;
				CLANG_WARN_ENUM_CONVERSION = YES;
				CLANG_WARN_INFINITE_RECURSION = YES;
				CLANG_WARN_INT_CONVERSION = YES;
				CLANG_WARN_OBJC_ROOT_CLASS = YES_ERROR;
				CLANG_WARN_SUSPICIOUS_MOVE = YES;
				CLANG_WARN_UNREACHABLE_CODE = YES;
				CLANG_WARN__DUPLICATE_METHOD_MATCH = YES;
				"CODE_SIGN_IDENTITY[sdk=iphoneos*]" = "iPhone Developer";
				COPY_PHASE_STRIP = NO;
				DEBUG_INFORMATION_FORMAT = "dwarf-with-dsym";
				ENABLE_NS_ASSERTIONS = NO;
				ENABLE_STRICT_OBJC_MSGSEND = YES;
				GCC_C_LANGUAGE_STANDARD = gnu99;
				GCC_NO_COMMON_BLOCKS = YES;
				GCC_WARN_64_TO_32_BIT_CONVERSION = YES;
				GCC_WARN_ABOUT_RETURN_TYPE = YES_ERROR;
				GCC_WARN_UNDECLARED_SELECTOR = YES;
				GCC_WARN_UNINITIALIZED_AUTOS = YES_AGGRESSIVE;
				GCC_WARN_UNUSED_FUNCTION = YES;
				GCC_WARN_UNUSED_VARIABLE = YES;
				IPHONEOS_DEPLOYMENT_TARGET = 10.3;
				MTL_ENABLE_DEBUG_INFO = NO;
				SDKROOT = iphoneos;
				VALIDATE_PRODUCT = YES;
			};
			name = Release;
		};
		C5C6BF671F0A112400E4C621 /* Debug */ = {
			isa = XCBuildConfiguration;
			buildSettings = {
				ASSETCATALOG_COMPILER_APPICON_NAME = AppIcon;
				DEVELOPMENT_TEAM = 778546W9LD;
				INFOPLIST_FILE = SDEditPicture/Info.plist;
				LD_RUNPATH_SEARCH_PATHS = "$(inherited) @executable_path/Frameworks";
				PRODUCT_BUNDLE_IDENTIFIER = "com.aico.-.SDEditPicture";
				PRODUCT_NAME = "$(TARGET_NAME)";
			};
			name = Debug;
		};
		C5C6BF681F0A112400E4C621 /* Release */ = {
			isa = XCBuildConfiguration;
			buildSettings = {
				ASSETCATALOG_COMPILER_APPICON_NAME = AppIcon;
				DEVELOPMENT_TEAM = 778546W9LD;
				INFOPLIST_FILE = SDEditPicture/Info.plist;
				LD_RUNPATH_SEARCH_PATHS = "$(inherited) @executable_path/Frameworks";
				PRODUCT_BUNDLE_IDENTIFIER = "com.aico.-.SDEditPicture";
				PRODUCT_NAME = "$(TARGET_NAME)";
			};
			name = Release;
		};
		C5C6BF6A1F0A112400E4C621 /* Debug */ = {
			isa = XCBuildConfiguration;
			buildSettings = {
				BUNDLE_LOADER = "$(TEST_HOST)";
				DEVELOPMENT_TEAM = 778546W9LD;
				INFOPLIST_FILE = SDEditPictureTests/Info.plist;
				LD_RUNPATH_SEARCH_PATHS = "$(inherited) @executable_path/Frameworks @loader_path/Frameworks";
				PRODUCT_BUNDLE_IDENTIFIER = "com.aico.-.SDEditPictureTests";
				PRODUCT_NAME = "$(TARGET_NAME)";
				TEST_HOST = "$(BUILT_PRODUCTS_DIR)/SDEditPicture.app/SDEditPicture";
			};
			name = Debug;
		};
		C5C6BF6B1F0A112400E4C621 /* Release */ = {
			isa = XCBuildConfiguration;
			buildSettings = {
				BUNDLE_LOADER = "$(TEST_HOST)";
				DEVELOPMENT_TEAM = 778546W9LD;
				INFOPLIST_FILE = SDEditPictureTests/Info.plist;
				LD_RUNPATH_SEARCH_PATHS = "$(inherited) @executable_path/Frameworks @loader_path/Frameworks";
				PRODUCT_BUNDLE_IDENTIFIER = "com.aico.-.SDEditPictureTests";
				PRODUCT_NAME = "$(TARGET_NAME)";
				TEST_HOST = "$(BUILT_PRODUCTS_DIR)/SDEditPicture.app/SDEditPicture";
			};
			name = Release;
		};
/* End XCBuildConfiguration section */

/* Begin XCConfigurationList section */
		C5C6BF3F1F0A112400E4C621 /* Build configuration list for PBXProject "SDEditPicture" */ = {
			isa = XCConfigurationList;
			buildConfigurations = (
				C5C6BF641F0A112400E4C621 /* Debug */,
				C5C6BF651F0A112400E4C621 /* Release */,
			);
			defaultConfigurationIsVisible = 0;
			defaultConfigurationName = Release;
		};
		C5C6BF661F0A112400E4C621 /* Build configuration list for PBXNativeTarget "SDEditPicture" */ = {
			isa = XCConfigurationList;
			buildConfigurations = (
				C5C6BF671F0A112400E4C621 /* Debug */,
				C5C6BF681F0A112400E4C621 /* Release */,
			);
			defaultConfigurationIsVisible = 0;
		};
		C5C6BF691F0A112400E4C621 /* Build configuration list for PBXNativeTarget "SDEditPictureTests" */ = {
			isa = XCConfigurationList;
			buildConfigurations = (
				C5C6BF6A1F0A112400E4C621 /* Debug */,
				C5C6BF6B1F0A112400E4C621 /* Release */,
			);
			defaultConfigurationIsVisible = 0;
		};
/* End XCConfigurationList section */
	};
	rootObject = C5C6BF3C1F0A112400E4C621 /* Project object */;
}
